
Microsoft Visual Studio Solution File, Format Version 12.00
# Visual Studio Version 17
VisualStudioVersion = 17.6.33723.286
MinimumVisualStudioVersion = 10.0.40219.1
Project("{9A19103F-16F7-4668-BE54-9A1E7A4F7556}") = "RabbitMQMessageReader", "RabbitMQMessageReader.csproj", "{DE62B162-9AB7-4923-9F5F-7FF500CC890E}"
EndProject
Global
	GlobalSection(SolutionConfigurationPlatforms) = preSolution
		Debug|Any CPU = Debug|Any CPU
		Release|Any CPU = Release|Any CPU
	EndGlobalSection
	GlobalSection(ProjectConfigurationPlatforms) = postSolution
		{DE62B162-9AB7-4923-9F5F-7FF500CC890E}.Debug|Any CPU.ActiveCfg = Debug|Any CPU
		{DE62B162-9AB7-4923-9F5F-7FF500CC890E}.Debug|Any CPU.Build.0 = Debug|Any CPU
		{DE62B162-9AB7-4923-9F5F-7FF500CC890E}.Release|Any CPU.ActiveCfg = Release|Any CPU
		{DE62B162-9AB7-4923-9F5F-7FF500CC890E}.Release|Any CPU.Build.0 = Release|Any CPU
	EndGlobalSection
	GlobalSection(SolutionProperties) = preSolution
		HideSolutionNode = FALSE
	EndGlobalSection
	GlobalSection(ExtensibilityGlobals) = postSolution
		SolutionGuid = {E42F9A7A-47AF-4F74-B3FA-8C6859DBF80B}
	EndGlobalSection
EndGlobal
